<?xml version="1.0" encoding="utf-8"?>
<Project ToolsVersion="4.0" xmlns="http://schemas.microsoft.com/developer/msbuild/2003">
  <ItemGroup>
    <Filter Include="Source Files">
      <UniqueIdentifier>{4FC737F1-C7A5-4376-A066-2A32D752A2FF}</UniqueIdentifier>
      <Extensions>cpp;c;cc;cxx;def;odl;idl;hpj;bat;asm;asmx</Extensions>
    </Filter>
    <Filter Include="Header Files">
      <UniqueIdentifier>{93995380-89BD-4b04-88EB-625FBE52EBFB}</UniqueIdentifier>
      <Extensions>h;hh;hpp;hxx;hm;inl;inc;xsd</Extensions>
    </Filter>
    <Filter Include="Resource Files">
      <UniqueIdentifier>{67DA6AB6-F800-4c08-8B7A-83BB121AAD01}</UniqueIdentifier>
      <Extensions>rc;ico;cur;bmp;dlg;rc2;rct;bin;rgs;gif;jpg;jpeg;jpe;resx;tiff;tif;png;wav;mfcribbon-ms</Extensions>
    </Filter>
  </ItemGroup>
  <ItemGroup>
    <Text Include="ReadMe.txt" />
  </ItemGroup>
  <ItemGroup>
    <ClInclude Include="stdafx.h">
      <Filter>Header Files</Filter>
    </ClInclude>
    <ClInclude Include="targetver.h">
      <Filter>Header Files</Filter>
    </ClInclude>
    <ClInclude Include="point_def.h">
      <Filter>Header Files</Filter>
    </ClInclude>
    <ClInclude Include="rect_def.h">
      <Filter>Header Files</Filter>
    </ClInclude>
    <ClInclude Include="text_style.h">
      <Filter>Header Files</Filter>
    </ClInclude>
    <ClInclude Include="matrix.h">
      <Filter>Header Files</Filter>
    </ClInclude>
    <ClInclude Include="c_drawing_layer.h">
      <Filter>Header Files</Filter>
    </ClInclude>
    <ClInclude Include="c_paint_board.h">
      <Filter>Header Files</Filter>
    </ClInclude>
    <ClInclude Include="c_texture_obj.h">
      <Filter>Header Files</Filter>
    </ClInclude>
    <ClInclude Include="geo_algorithom.h">
      <Filter>Header Files</Filter>
    </ClInclude>
    <ClInclude Include="c_drawer.h">
      <Filter>Header Files</Filter>
    </ClInclude>
    <ClInclude Include="c_drawer_gdi.h">
      <Filter>Header Files</Filter>
    </ClInclude>
    <ClInclude Include="c_drawer_gl.h">
      <Filter>Header Files</Filter>
    </ClInclude>
    <ClInclude Include="c_drawer_d3d.h">
      <Filter>Header Files</Filter>
    </ClInclude>
    <ClInclude Include="c_texture_gl.h">
      <Filter>Header Files</Filter>
    </ClInclude>
    <ClInclude Include="c_texture_d3d.h">
      <Filter>Header Files</Filter>
    </ClInclude>
    <ClInclude Include="BitmapFunc.h">
      <Filter>Header Files</Filter>
    </ClInclude>
    <ClInclude Include="c_drawer_device.h">
      <Filter>Header Files</Filter>
    </ClInclude>
    <ClInclude Include="c_texture_gdi.h">
      <Filter>Header Files</Filter>
    </ClInclude>
    <ClInclude Include="vector_obj.h">
      <Filter>Header Files</Filter>
    </ClInclude>
    <ClInclude Include="c_raster_layer.h">
      <Filter>Header Files</Filter>
    </ClInclude>
    <ClInclude Include="c_vector_layer.h">
      <Filter>Header Files</Filter>
    </ClInclude>
    <ClInclude Include="..\gdal\GDALDatasetEx.h">
      <Filter>Header Files</Filter>
    </ClInclude>
    <ClInclude Include="c_drawing_base.h">
      <Filter>Header Files</Filter>
    </ClInclude>
    <ClInclude Include="c_font_helper.h">
      <Filter>Header Files</Filter>
    </ClInclude>
    <ClInclude Include="c_geometry.h">
      <Filter>Header Files</Filter>
    </ClInclude>
    <ClInclude Include="c_geo_point.h">
      <Filter>Header Files</Filter>
    </ClInclude>
    <ClInclude Include="c_geo_line.h">
      <Filter>Header Files</Filter>
    </ClInclude>
    <ClInclude Include="c_geo_polygon.h">
      <Filter>Header Files</Filter>
    </ClInclude>
    <ClInclude Include="c_geo_text.h">
      <Filter>Header Files</Filter>
    </ClInclude>
    <ClInclude Include="c_variant.h">
      <Filter>Header Files</Filter>
    </ClInclude>
    <ClInclude Include="Curve.h">
      <Filter>Header Files</Filter>
    </ClInclude>
    <ClInclude Include="c_octree.h">
      <Filter>Header Files</Filter>
    </ClInclude>
    <ClInclude Include="c_geo_db.h">
      <Filter>Header Files</Filter>
    </ClInclude>
    <ClInclude Include="c_geo_map.h">
      <Filter>Header Files</Filter>
    </ClInclude>
    <ClInclude Include="c_workspace.h">
      <Filter>Header Files</Filter>
    </ClInclude>
    <ClInclude Include="c_command.h">
      <Filter>Header Files</Filter>
    </ClInclude>
    <ClInclude Include="c_editor.h">
      <Filter>Header Files</Filter>
    </ClInclude>
    <ClInclude Include="readwrite_lock.h">
      <Filter>Header Files</Filter>
    </ClInclude>
    <ClInclude Include="c_inner_command.h">
      <Filter>Header Files</Filter>
    </ClInclude>
    <ClInclude Include="c_selection.h">
      <Filter>Header Files</Filter>
    </ClInclude>
    <ClInclude Include="stereodraw.h">
      <Filter>Header Files</Filter>
    </ClInclude>
    <ClInclude Include="StereoDrawBaseType.h">
      <Filter>Header Files</Filter>
    </ClInclude>
    <ClInclude Include="StereoDrawHelperAPI.h">
      <Filter>Header Files</Filter>
    </ClInclude>
  </ItemGroup>
  <ItemGroup>
    <ClCompile Include="stdafx.cpp">
      <Filter>Source Files</Filter>
    </ClCompile>
    <ClCompile Include="dllmain.cpp">
      <Filter>Source Files</Filter>
    </ClCompile>
    <ClCompile Include="point_def.cpp">
      <Filter>Source Files</Filter>
    </ClCompile>
    <ClCompile Include="rect_def.cpp">
      <Filter>Source Files</Filter>
    </ClCompile>
    <ClCompile Include="text_style.cpp">
      <Filter>Source Files</Filter>
    </ClCompile>
    <ClCompile Include="matrix.cpp">
      <Filter>Source Files</Filter>
    </ClCompile>
    <ClCompile Include="c_drawing_layer.cpp">
      <Filter>Source Files</Filter>
    </ClCompile>
    <ClCompile Include="c_paint_board.cpp">
      <Filter>Source Files</Filter>
    </ClCompile>
    <ClCompile Include="c_texture_obj.cpp">
      <Filter>Source Files</Filter>
    </ClCompile>
    <ClCompile Include="geo_algorithom.cpp">
      <Filter>Source Files</Filter>
    </ClCompile>
    <ClCompile Include="c_drawer.cpp">
      <Filter>Source Files</Filter>
    </ClCompile>
    <ClCompile Include="c_drawer_gdi.cpp">
      <Filter>Source Files</Filter>
    </ClCompile>
    <ClCompile Include="c_drawer_gl.cpp">
      <Filter>Source Files</Filter>
    </ClCompile>
    <ClCompile Include="c_drawer_d3d.cpp">
      <Filter>Source Files</Filter>
    </ClCompile>
    <ClCompile Include="c_texture_gl.cpp">
      <Filter>Source Files</Filter>
    </ClCompile>
    <ClCompile Include="c_texture_d3d.cpp">
      <Filter>Source Files</Filter>
    </ClCompile>
    <ClCompile Include="BitmapFunc.cpp">
      <Filter>Source Files</Filter>
    </ClCompile>
    <ClCompile Include="c_drawer_device.cpp">
      <Filter>Source Files</Filter>
    </ClCompile>
    <ClCompile Include="c_texture_gdi.cpp">
      <Filter>Source Files</Filter>
    </ClCompile>
    <ClCompile Include="vector_obj.cpp">
      <Filter>Source Files</Filter>
    </ClCompile>
    <ClCompile Include="c_raster_layer.cpp">
      <Filter>Source Files</Filter>
    </ClCompile>
    <ClCompile Include="c_vector_layer.cpp">
      <Filter>Source Files</Filter>
    </ClCompile>
    <ClCompile Include="..\gdal\GDALDatasetEx.cpp">
      <Filter>Source Files</Filter>
    </ClCompile>
    <ClCompile Include="c_drawing_base.cpp">
      <Filter>Source Files</Filter>
    </ClCompile>
    <ClCompile Include="c_font_helper.cpp">
      <Filter>Source Files</Filter>
    </ClCompile>
    <ClCompile Include="c_geometry.cpp">
      <Filter>Source Files</Filter>
    </ClCompile>
    <ClCompile Include="c_geo_point.cpp">
      <Filter>Source Files</Filter>
    </ClCompile>
    <ClCompile Include="c_geo_line.cpp">
      <Filter>Source Files</Filter>
    </ClCompile>
    <ClCompile Include="c_geo_polygon.cpp">
      <Filter>Source Files</Filter>
    </ClCompile>
    <ClCompile Include="c_geo_text.cpp">
      <Filter>Source Files</Filter>
    </ClCompile>
    <ClCompile Include="c_variant.cpp">
      <Filter>Source Files</Filter>
    </ClCompile>
    <ClCompile Include="Curve.cpp">
      <Filter>Source Files</Filter>
    </ClCompile>
    <ClCompile Include="c_octree.cpp">
      <Filter>Source Files</Filter>
    </ClCompile>
    <ClCompile Include="c_geo_db.cpp">
      <Filter>Source Files</Filter>
    </ClCompile>
    <ClCompile Include="c_geo_map.cpp">
      <Filter>Source Files</Filter>
    </ClCompile>
    <ClCompile Include="c_workspace.cpp">
      <Filter>Source Files</Filter>
    </ClCompile>
    <ClCompile Include="c_command.cpp">
      <Filter>Source Files</Filter>
    </ClCompile>
    <ClCompile Include="c_editor.cpp">
      <Filter>Source Files</Filter>
    </ClCompile>
    <ClCompile Include="readwrite_lock.cpp">
      <Filter>Source Files</Filter>
    </ClCompile>
    <ClCompile Include="c_inner_command.cpp">
      <Filter>Source Files</Filter>
    </ClCompile>
    <ClCompile Include="c_selection.cpp">
      <Filter>Source Files</Filter>
    </ClCompile>
    <ClCompile Include="StereoDraw.cpp">
      <Filter>Source Files</Filter>
    </ClCompile>
    <ClCompile Include="StereoDrawHelperAPI.cpp">
      <Filter>Source Files</Filter>
    </ClCompile>
  </ItemGroup>
  <ItemGroup>
    <None Include="ClassDiagram.cd" />
    <None Include="ClassDiagram1.cd" />
  </ItemGroup>
</Project>